{
    "version": "0.5",
    "requires": [
        "zstd/1.5.7#b68ca8e3de04ba5957761751d1d661f4%1760955092.069",
        "zlib/1.3.2#1cb806da49011867778ffb6ac7190fcb%1777558780.503",
        "yaml-cpp/0.9.0#237a808ce73af0e5f32ba2834ae2baf0%1773328004.122",
        "util-linux-libuuid/2.39.2#1dfa3ed14bda06d72ffda9104262e4a5%1781172625.037",
        "trantor/1.5.26#93b95558caf83407405ab7cf1bce0a46%1777644957.057",
        "spdlog/1.17.0#bcbaaf7147bda6ad24ffbd1ac3d7142c%1767636069.964",
        "simdjson/4.6.3#57b63b0965065041e5cd871f7973a026%1776785192.866",
        "redis-plus-plus/1.3.15#465ec9e6b105587ae51e826d08dffa62%1781157105.403",
        "picosha2/1.0.0#61923b65ad21c4bccdc00d2be5709b58%1667058982.341",
        "openssl/3.6.3#a81313131c78c6414f25b5fe0a83204b%1783446193.901",
        "lz4/1.10.0#982d9b673900f665a1da109e09c17cab%1775037240.923",
        "lz4/1.9.4#a2f02ad3908618757c68d3618256a196%1775037236.076",
        "logcraft_core/1.8.3",
        "libpqxx/8.0.1#02ecdb931a0cee3aef41661c542ca6e1%1775511214.571",
        "libpq/17.7#d1ff57ca38fa1cd2c9368643dcc6ac7a%1783436672.112",
        "libnuma/2.0.19#2bb8a66d041db062de63e7f8a6d06fcd%1731341382.748",
        "libcurl/8.20.0#c90b0c91a33d9a79b519c1c70bafc823%1780907438.587",
        "jsoncpp/1.9.5#9415a4cf4d2e8965408f3a01a8339b48%1726135495.806",
        "insight_semantic_test_frameworks/1.8.3",
        "insight_semantic_jenkins/1.8.3",
        "insight_semantic_github/1.8.3",
        "insight_scenarios/1.8.3",
        "insight_metalog/1.8.3",
        "insight_llm/1.8.3",
        "insight_eidos/1.8.3",
        "insight_canon/1.8.3",
        "hiredis/1.3.0#e39b0954c9bf2bac589b762bba5c5dce%1748521499.497",
        "gtest/1.17.0#5224b3b3ff3b4ce1133cbdd27d53ee7d%1755784855.585",
        "glaze/7.4.0#00d1e516eee87ae8861a81a9f0a65056%1777279425.34",
        "fmt/12.1.0#50abab23274d56bb8f42c94b3b9a40c7%1761885265.231",
        "drogon/1.9.13#251680a44562cf10050d53c0259876d5%1778471907.643",
        "coderoast_ipc_producer/1.8.3",
        "coderoast_ipc_core/1.8.3",
        "coderoast_ipc_consumer/1.8.3",
        "coderoast_infra_redis/1.8.3",
        "coderoast_infra_postgres/1.8.3",
        "coderoast_infra_clickhouse/1.8.3",
        "coderoast_auth/1.8.3",
        "coderoast_audit/1.8.3",
        "clickhouse-cpp/2.6.1#6aee4e669b64265d7c831a64c377b129%1779360534.306",
        "cityhash/1.0.1#6a19787e9e2af5e096a1cd12b741a797%1700213712.677",
        "c-ares/1.34.8#074b97a9e38159813ed5e2dcfeb290ca%1784539118.141",
        "boost/1.83.0#bc9060051b428f90c2df6065f03b34f8%1783338741.364",
        "benchmark/1.9.5#b885dc73ad67b40a55d45684d1c88ad1%1774363287.434",
        "asio/1.36.0#baa8f04f3c2486ca00851c092ab6afb7%1779966050.852",
        "abseil/20260107.1#883e95a7be2b767999f64669ac642e5d%1773137897.755"
    ],
    "build_requires": [
        "pkgconf/2.5.1#93c2051284cba1279494a43a4fcfeae2%1757684701.089",
        "ninja/1.13.2#c8c5dc2a52ed6e4e42a66d75b4717ceb%1764096931.974",
        "meson/1.10.2#9d2d10681fe7fe61c788c58626c89b25%1775558003.754",
        "m4/1.4.19#1727f439cf74e83826ec96d0b4904eee%1784541921.659",
        "libtool/2.4.7#14e7739cc128bc1623d2ed318008e47e%1755679003.847",
        "gnu-config/cci.20210814#466e9d4d7779e1c142443f7ea44b4284%1762363589.329",
        "flex/2.6.4#efa781fc5088b47c895bd4eef6911f2e%1761560242.855",
        "cmake/4.4.0#a5dd5d73bd9fc56b0fc3163a04573dc8%1784051561.926",
        "bison/3.8.2#c3490cbe0078b6fd3eb4cf5ed64144dc%1755688988.644",
        "b2/5.5.3#043a75bcbb090e3f81f7ac849850d0ca%1784261134.143",
        "automake/1.16.5#b91b7c384c3deaa9d535be02da14d04f%1755524470.56",
        "autoconf/2.71#51077f068e61700d65bb05541ea1e4b0%1731054366.86"
    ],
    "python_requires": [],
    "config_requires": []
}
